
Microsoft Visual Studio Solution File, Format Version 11.00
# Visual Studio 2010
Project("{FAE04EC0-301F-11D3-BF4B-00C04F79EFBC}") = "Assembly-CSharp", "Assembly-CSharp.csproj", "{F59A6657-220D-68CF-D77B-F95AC26C46F1}"
EndProject
Project("{FAE04EC0-301F-11D3-BF4B-00C04F79EFBC}") = "Assembly-CSharp-Editor", "Assembly-CSharp-Editor.csproj", "{184CA6AC-EA94-5EA8-E1D9-E7DCFFDF5099}"
EndProject
Global
	GlobalSection(SolutionConfigurationPlatforms) = preSolution
		Debug|Any CPU = Debug|Any CPU
		Release|Any CPU = Release|Any CPU
	EndGlobalSection
	GlobalSection(ProjectConfigurationPlatforms) = postSolution
		{F59A6657-220D-68CF-D77B-F95AC26C46F1}.Debug|Any CPU.ActiveCfg = Debug|Any CPU
		{F59A6657-220D-68CF-D77B-F95AC26C46F1}.Debug|Any CPU.Build.0 = Debug|Any CPU
		{F59A6657-220D-68CF-D77B-F95AC26C46F1}.Release|Any CPU.ActiveCfg = Release|Any CPU
		{F59A6657-220D-68CF-D77B-F95AC26C46F1}.Release|Any CPU.Build.0 = Release|Any CPU
		{184CA6AC-EA94-5EA8-E1D9-E7DCFFDF5099}.Debug|Any CPU.ActiveCfg = Debug|Any CPU
		{184CA6AC-EA94-5EA8-E1D9-E7DCFFDF5099}.Debug|Any CPU.Build.0 = Debug|Any CPU
		{184CA6AC-EA94-5EA8-E1D9-E7DCFFDF5099}.Release|Any CPU.ActiveCfg = Release|Any CPU
		{184CA6AC-EA94-5EA8-E1D9-E7DCFFDF5099}.Release|Any CPU.Build.0 = Release|Any CPU
	EndGlobalSection
	GlobalSection(SolutionProperties) = preSolution
		HideSolutionNode = FALSE
	EndGlobalSection
EndGlobal
